
Microsoft Visual Studio Solution File, Format Version 12.00
# Visual Studio 2013
VisualStudioVersion = 12.0.30110.0
MinimumVisualStudioVersion = 10.0.40219.1
Project("{FAE04EC0-301F-11D3-BF4B-00C04F79EFBC}") = "PinvokeRewriterDemoApplication", "DemoPinvokeConsoleApplication\PinvokeRewriterDemoApplication.csproj", "{C33A2404-E0A6-444A-B51C-68434C3D2907}"
EndProject
Project("{FAE04EC0-301F-11D3-BF4B-00C04F79EFBC}") = "PinvokeRewriter", "PinvokeRewriter\PinvokeRewriter.csproj", "{117E72B4-B4FF-4046-A9FA-4C2B3AF96A80}"
EndProject
Global
	GlobalSection(SolutionConfigurationPlatforms) = preSolution
		Debug|Any CPU = Debug|Any CPU
		Release|Any CPU = Release|Any CPU
	EndGlobalSection
	GlobalSection(ProjectConfigurationPlatforms) = postSolution
		{C33A2404-E0A6-444A-B51C-68434C3D2907}.Debug|Any CPU.ActiveCfg = Debug|Any CPU
		{C33A2404-E0A6-444A-B51C-68434C3D2907}.Debug|Any CPU.Build.0 = Debug|Any CPU
		{C33A2404-E0A6-444A-B51C-68434C3D2907}.Release|Any CPU.ActiveCfg = Release|Any CPU
		{C33A2404-E0A6-444A-B51C-68434C3D2907}.Release|Any CPU.Build.0 = Release|Any CPU
		{117E72B4-B4FF-4046-A9FA-4C2B3AF96A80}.Debug|Any CPU.ActiveCfg = Debug|Any CPU
		{117E72B4-B4FF-4046-A9FA-4C2B3AF96A80}.Debug|Any CPU.Build.0 = Debug|Any CPU
		{117E72B4-B4FF-4046-A9FA-4C2B3AF96A80}.Release|Any CPU.ActiveCfg = Release|Any CPU
		{117E72B4-B4FF-4046-A9FA-4C2B3AF96A80}.Release|Any CPU.Build.0 = Release|Any CPU
	EndGlobalSection
	GlobalSection(SolutionProperties) = preSolution
		HideSolutionNode = FALSE
	EndGlobalSection
EndGlobal
